
Microsoft Visual Studio Solution File, Format Version 12.00
# Visual Studio Version 17
VisualStudioVersion = 17.1.32210.238
MinimumVisualStudioVersion = 10.0.40219.1
Project("{FAE04EC0-301F-11D3-BF4B-00C04F79EFBC}") = "MetodaMonteCarlo", "MetodaMonteCarlo\MetodaMonteCarlo.csproj", "{4A96631C-D63F-4919-BB20-9A9BCE94F0B6}"
EndProject
Global
	GlobalSection(SolutionConfigurationPlatforms) = preSolution
		Debug|Any CPU = Debug|Any CPU
		Release|Any CPU = Release|Any CPU
	EndGlobalSection
	GlobalSection(ProjectConfigurationPlatforms) = postSolution
		{4A96631C-D63F-4919-BB20-9A9BCE94F0B6}.Debug|Any CPU.ActiveCfg = Debug|Any CPU
		{4A96631C-D63F-4919-BB20-9A9BCE94F0B6}.Debug|Any CPU.Build.0 = Debug|Any CPU
		{4A96631C-D63F-4919-BB20-9A9BCE94F0B6}.Release|Any CPU.ActiveCfg = Release|Any CPU
		{4A96631C-D63F-4919-BB20-9A9BCE94F0B6}.Release|Any CPU.Build.0 = Release|Any CPU
	EndGlobalSection
	GlobalSection(SolutionProperties) = preSolution
		HideSolutionNode = FALSE
	EndGlobalSection
	GlobalSection(ExtensibilityGlobals) = postSolution
		SolutionGuid = {2B55C6D4-AE3F-413F-9EE4-8DA71AE90D81}
	EndGlobalSection
EndGlobal
